
Microsoft Visual Studio Solution File, Format Version 12.00
# Visual Studio 15
VisualStudioVersion = 15.0.28307.106
MinimumVisualStudioVersion = 10.0.40219.1
Project("{FAE04EC0-301F-11D3-BF4B-00C04F79EFBC}") = "TeamCityWPFProject", "TeamCityWPFProject\TeamCityWPFProject.csproj", "{DFEBC9EF-4083-49A7-B37D-B57CE86021C7}"
EndProject
Project("{FAE04EC0-301F-11D3-BF4B-00C04F79EFBC}") = "TeamCityWPFProject.Common", "TeamCityWPFProject.Common\TeamCityWPFProject.Common.csproj", "{EC40CC67-DDCD-467D-B39D-3C8D0B2BCA89}"
EndProject
Global
	GlobalSection(SolutionConfigurationPlatforms) = preSolution
		Debug|Any CPU = Debug|Any CPU
		Release|Any CPU = Release|Any CPU
	EndGlobalSection
	GlobalSection(ProjectConfigurationPlatforms) = postSolution
		{DFEBC9EF-4083-49A7-B37D-B57CE86021C7}.Debug|Any CPU.ActiveCfg = Debug|Any CPU
		{DFEBC9EF-4083-49A7-B37D-B57CE86021C7}.Debug|Any CPU.Build.0 = Debug|Any CPU
		{DFEBC9EF-4083-49A7-B37D-B57CE86021C7}.Release|Any CPU.ActiveCfg = Release|Any CPU
		{DFEBC9EF-4083-49A7-B37D-B57CE86021C7}.Release|Any CPU.Build.0 = Release|Any CPU
		{EC40CC67-DDCD-467D-B39D-3C8D0B2BCA89}.Debug|Any CPU.ActiveCfg = Debug|Any CPU
		{EC40CC67-DDCD-467D-B39D-3C8D0B2BCA89}.Debug|Any CPU.Build.0 = Debug|Any CPU
		{EC40CC67-DDCD-467D-B39D-3C8D0B2BCA89}.Release|Any CPU.ActiveCfg = Release|Any CPU
		{EC40CC67-DDCD-467D-B39D-3C8D0B2BCA89}.Release|Any CPU.Build.0 = Release|Any CPU
	EndGlobalSection
	GlobalSection(SolutionProperties) = preSolution
		HideSolutionNode = FALSE
	EndGlobalSection
	GlobalSection(ExtensibilityGlobals) = postSolution
		SolutionGuid = {A7DDB6CC-917B-44F7-9BD0-9ED18A02160B}
	EndGlobalSection
EndGlobal
